# THIS IS AN AUTOGENERATED FILE. DO NOT EDIT THIS FILE DIRECTLY.
# yarn lockfile v1


g-sheets-api@^1.4.1:
  version "1.4.1"
  resolved "https://registry.yarnpkg.com/g-sheets-api/-/g-sheets-api-1.4.1.tgz#9469be94f1a90cfb7058cce9220778b6a1362350"
  integrity sha512-kilr8ZGwqpX+JpxChWX2qIPic/MlG71sYOGd3jVdCCOOkbT8RPU1bZaISuLLf1rvx1CCyks2UNv+xEnsHIETMQ==
  dependencies:
    node-fetch "^2.6.1"

node-fetch@^2.6.1:
  version "2.6.1"
  resolved "https://registry.yarnpkg.com/node-fetch/-/node-fetch-2.6.1.tgz#045bd323631f76ed2e2b55573394416b639a0052"
  integrity sha512-V4aYg89jEoVRxRb2fJdAg8FHvI7cEyYdVAh94HH0UIK8oJxUfkjlDQN9RbMx+bEjP7+ggMiFRprSti032Oipxw==
